
Microsoft Visual Studio Solution File, Format Version 12.00
# Visual Studio Version 16
VisualStudioVersion = 16.0.30011.22
MinimumVisualStudioVersion = 10.0.40219.1
Project("{8BC9CEB8-8B4A-11D0-8D11-00A0C91BC942}") = "001_HelloWorld", "001_HelloWorld\001_HelloWorld.vcxproj", "{BF23A798-F130-43F6-B44B-C43E0F1DF82B}"
EndProject
Project("{8BC9CEB8-8B4A-11D0-8D11-00A0C91BC942}") = "002_Data01", "002_Data01\002_Data01.vcxproj", "{05E0555B-9E14-4425-A485-A7C96E8B8A34}"
EndProject
Project("{8BC9CEB8-8B4A-11D0-8D11-00A0C91BC942}") = "003_Data02", "003_Data02\003_Data02.vcxproj", "{FF6E6F09-1494-4AC1-8428-3ECAA8A3BABD}"
EndProject
Project("{8BC9CEB8-8B4A-11D0-8D11-00A0C91BC942}") = "004_Data03", "004_Data03\004_Data03.vcxproj", "{FF1E8CAF-EDC8-4B87-A887-94FED0BDCA7A}"
EndProject
Project("{8BC9CEB8-8B4A-11D0-8D11-00A0C91BC942}") = "005_Data04", "005_Data04\005_Data04.vcxproj", "{F2562DAA-4BF9-4029-A18E-01638B256DDB}"
EndProject
Project("{8BC9CEB8-8B4A-11D0-8D11-00A0C91BC942}") = "006_Data05", "006_Data05\006_Data05.vcxproj", "{EC6E8978-A6ED-4C45-89C0-97341B4B53D3}"
EndProject
Project("{8BC9CEB8-8B4A-11D0-8D11-00A0C91BC942}") = "007_Data_bool", "007_Data_bool\007_Data_bool.vcxproj", "{9D39C44F-BF7C-430F-85D6-6302C54E6D40}"
EndProject
Project("{8BC9CEB8-8B4A-11D0-8D11-00A0C91BC942}") = "008_Data_char", "008_Data_char\008_Data_char.vcxproj", "{150A810B-4E13-4608-85B2-BD6ECDA8DF25}"
EndProject
Project("{8BC9CEB8-8B4A-11D0-8D11-00A0C91BC942}") = "009_cout01", "009_cout01\009_cout01.vcxproj", "{13305F63-22C0-406A-9C59-A7B0A8AA72B5}"
EndProject
Project("{8BC9CEB8-8B4A-11D0-8D11-00A0C91BC942}") = "010_cout02", "010_cout02\010_cout02.vcxproj", "{AB58571C-9893-4126-B842-B08C7AC1DBFA}"
EndProject
Project("{8BC9CEB8-8B4A-11D0-8D11-00A0C91BC942}") = "011_cin01", "011_cin01\011_cin01.vcxproj", "{EF9A9F87-8B96-4D4B-A46A-B28FD5C10133}"
EndProject
Project("{8BC9CEB8-8B4A-11D0-8D11-00A0C91BC942}") = "012_cin02", "012_cin02\012_cin02.vcxproj", "{DC45380C-FD14-4AD6-8448-F4FCD6631829}"
EndProject
Project("{8BC9CEB8-8B4A-11D0-8D11-00A0C91BC942}") = "013_Operators01", "013_Operators01\013_Operators01.vcxproj", "{80FF9F4C-D4E8-4104-B77C-81C33C16D19D}"
EndProject
Project("{8BC9CEB8-8B4A-11D0-8D11-00A0C91BC942}") = "014_Operators02", "014_Operators02\014_Operators02.vcxproj", "{CA6280A8-3EC2-4187-9C5F-9C57F075D1AB}"
EndProject
Project("{8BC9CEB8-8B4A-11D0-8D11-00A0C91BC942}") = "015_Operators03", "015_Operators03\015_Operators03.vcxproj", "{04B6DA66-2ACB-4BDC-9BB6-0D659D5E6090}"
EndProject
Project("{8BC9CEB8-8B4A-11D0-8D11-00A0C91BC942}") = "016_Operators04", "016_Operators04\016_Operators04.vcxproj", "{385659EA-4504-46E9-BEB1-E24F95F2C1C5}"
EndProject
Project("{8BC9CEB8-8B4A-11D0-8D11-00A0C91BC942}") = "017_Operators05", "017_Operators05\017_Operators05.vcxproj", "{FF3C60C7-74BA-48C4-AF5F-779CDCF386F1}"
EndProject
Project("{8BC9CEB8-8B4A-11D0-8D11-00A0C91BC942}") = "018_Operators06", "018_Operators06\018_Operators06.vcxproj", "{A47AD383-BCD7-443D-92F2-100171AB2E00}"
EndProject
Project("{8BC9CEB8-8B4A-11D0-8D11-00A0C91BC942}") = "019_Operators07", "019_Operators07\019_Operators07.vcxproj", "{7663945F-B760-4454-A7AA-9E2784C9FA6A}"
EndProject
Project("{8BC9CEB8-8B4A-11D0-8D11-00A0C91BC942}") = "020_Operators08", "020_Operators08\020_Operators08.vcxproj", "{F4378451-BAA5-44F3-8EFF-CD8EBDCA4C47}"
EndProject
Project("{8BC9CEB8-8B4A-11D0-8D11-00A0C91BC942}") = "021_Operators09", "021_Operators09\021_Operators09.vcxproj", "{A875388F-DD72-4525-924C-BAA178444EEF}"
EndProject
Project("{8BC9CEB8-8B4A-11D0-8D11-00A0C91BC942}") = "022_Operators10", "022_Operators10\022_Operators10.vcxproj", "{BBB74EAF-93A0-4BFC-9EE7-2F9A1F4730D5}"
EndProject
Project("{8BC9CEB8-8B4A-11D0-8D11-00A0C91BC942}") = "023_Branch01", "023_Branch01\023_Branch01.vcxproj", "{F6A6A468-CACB-4B7F-8120-05B077E6CD7B}"
EndProject
Project("{8BC9CEB8-8B4A-11D0-8D11-00A0C91BC942}") = "024_Branch02", "024_Branch02\024_Branch02.vcxproj", "{19CC964E-5219-4AC0-8727-F35ACD5E5730}"
EndProject
Project("{8BC9CEB8-8B4A-11D0-8D11-00A0C91BC942}") = "025_Branch03", "025_Branch03\025_Branch03.vcxproj", "{88027F9B-7E58-41DB-8A3D-FB4AD0EE4198}"
EndProject
Project("{8BC9CEB8-8B4A-11D0-8D11-00A0C91BC942}") = "026_Branch04", "026_Branch04\026_Branch04.vcxproj", "{5BE13828-AAAB-4934-B9B7-EB3B1DD7495B}"
EndProject
Project("{8BC9CEB8-8B4A-11D0-8D11-00A0C91BC942}") = "027_Branch05", "027_Branch05\027_Branch05.vcxproj", "{BD67D1D0-39DB-46EC-BE6A-B6BE2BDEB963}"
EndProject
Project("{8BC9CEB8-8B4A-11D0-8D11-00A0C91BC942}") = "028_Loop01", "028_Loop01\028_Loop01.vcxproj", "{7612D64B-A167-41BA-9BA1-88A01B973DB5}"
EndProject
Project("{8BC9CEB8-8B4A-11D0-8D11-00A0C91BC942}") = "029_Loop02", "029_Loop02\029_Loop02.vcxproj", "{9B5D6B56-A928-401E-832A-84B46CB08B21}"
EndProject
Project("{8BC9CEB8-8B4A-11D0-8D11-00A0C91BC942}") = "030_Loop03", "030_Loop03\030_Loop03.vcxproj", "{26AB7062-BDA0-45A9-A446-8C611F0EACD9}"
EndProject
Project("{8BC9CEB8-8B4A-11D0-8D11-00A0C91BC942}") = "031_Loop04", "031_Loop04\031_Loop04.vcxproj", "{1B2246FA-9562-493C-8D0C-46305563463F}"
EndProject
Project("{8BC9CEB8-8B4A-11D0-8D11-00A0C91BC942}") = "032_Loop05", "032_Loop05\032_Loop05.vcxproj", "{B586DFBF-77C7-4A58-AA28-2AA2B7E614CB}"
EndProject
Project("{8BC9CEB8-8B4A-11D0-8D11-00A0C91BC942}") = "033_Loop06", "033_Loop06\033_Loop06.vcxproj", "{450F08B1-AD02-4DEF-9335-692595510F8F}"
EndProject
Project("{8BC9CEB8-8B4A-11D0-8D11-00A0C91BC942}") = "035_Array01", "035_Array01\035_Array01.vcxproj", "{75C68384-3655-42F0-A4CC-F806FD6FBF16}"
EndProject
Project("{8BC9CEB8-8B4A-11D0-8D11-00A0C91BC942}") = "036_Array02", "036_Array02\036_Array02.vcxproj", "{D732AA50-D383-42C4-91CA-A968681C630E}"
EndProject
Project("{8BC9CEB8-8B4A-11D0-8D11-00A0C91BC942}") = "037_Array03", "037_Array03\037_Array03.vcxproj", "{271A87AC-9565-4610-8D5D-381BA0A2CCA7}"
EndProject
Project("{8BC9CEB8-8B4A-11D0-8D11-00A0C91BC942}") = "038_Array04", "038_Array04\038_Array04.vcxproj", "{CC4A147D-6ECE-4151-BCB4-C7A21631D409}"
EndProject
Project("{8BC9CEB8-8B4A-11D0-8D11-00A0C91BC942}") = "039_CheckPoint", "039_CheckPoint\039_CheckPoint.vcxproj", "{3A5C2DB6-652F-4A37-9E3B-D80E1D6BDEE0}"
EndProject
Project("{8BC9CEB8-8B4A-11D0-8D11-00A0C91BC942}") = "040_CheckPoint", "040_CheckPoint\040_CheckPoint.vcxproj", "{2881D53F-0D94-4964-9557-49E22A95CDCD}"
EndProject
Project("{8BC9CEB8-8B4A-11D0-8D11-00A0C91BC942}") = "041_Func01", "041_Func01\041_Func01.vcxproj", "{0BCEA087-84DD-45A7-9D51-39934EF7C31A}"
EndProject
Project("{8BC9CEB8-8B4A-11D0-8D11-00A0C91BC942}") = "042_Func02", "042_Func02\042_Func02.vcxproj", "{4FF673CE-F323-4D65-80CA-AE90A54953D9}"
EndProject
Project("{8BC9CEB8-8B4A-11D0-8D11-00A0C91BC942}") = "043_Func03", "043_Func03\043_Func03.vcxproj", "{85D28491-CE8A-46E3-9C19-1887BB6BBF87}"
EndProject
Project("{8BC9CEB8-8B4A-11D0-8D11-00A0C91BC942}") = "044_Func04", "044_Func04\044_Func04.vcxproj", "{361E1682-CAE0-4CD4-8919-0C9FB965C9AE}"
EndProject
Project("{8BC9CEB8-8B4A-11D0-8D11-00A0C91BC942}") = "045_CheckPoint", "045_CheckPoint\034_CheckPoint.vcxproj", "{54275555-1FF3-4E2D-B96C-047CD49EBB78}"
EndProject
Project("{8BC9CEB8-8B4A-11D0-8D11-00A0C91BC942}") = "046_Point01", "046_Point01\046_Point01.vcxproj", "{308B0AB1-0697-48F8-94A2-8189CEA82EA5}"
EndProject
Project("{8BC9CEB8-8B4A-11D0-8D11-00A0C91BC942}") = "047_Point02", "047_Point02\047_Point02.vcxproj", "{695BD782-B3E9-4751-8BE3-17C4ED901830}"
EndProject
Project("{8BC9CEB8-8B4A-11D0-8D11-00A0C91BC942}") = "048_Point03", "048_Point03\048_Point03.vcxproj", "{E2CFD3A6-085B-48DB-BF8A-23B0ADA544B0}"
EndProject
Project("{8BC9CEB8-8B4A-11D0-8D11-00A0C91BC942}") = "049_Point04", "049_Point04\049_Point04.vcxproj", "{E1A37D7F-9997-4649-9313-CDE855BA937F}"
EndProject
Project("{8BC9CEB8-8B4A-11D0-8D11-00A0C91BC942}") = "050_Point05", "050_Point05\050_Point05.vcxproj", "{9E5EAB61-B7F2-41DC-BEBE-A987DF3F7F50}"
EndProject
Project("{8BC9CEB8-8B4A-11D0-8D11-00A0C91BC942}") = "051_Point06", "051_Point06\051_Point06.vcxproj", "{19570E23-A001-4A34-8728-F5132B5A59B7}"
EndProject
Project("{8BC9CEB8-8B4A-11D0-8D11-00A0C91BC942}") = "052_Point07", "052_Point07\052_Point07.vcxproj", "{1FC7A8F4-9597-43D0-B6FE-0938D00222E5}"
EndProject
Project("{8BC9CEB8-8B4A-11D0-8D11-00A0C91BC942}") = "053_String01", "053_String01\053_String01.vcxproj", "{84FC3451-7DCE-49E1-9CBA-8C00C85B1988}"
EndProject
Project("{8BC9CEB8-8B4A-11D0-8D11-00A0C91BC942}") = "054_String02", "054_String02\054_String02.vcxproj", "{529F7464-7096-409E-A882-2CD90B7B29C8}"
EndProject
Project("{8BC9CEB8-8B4A-11D0-8D11-00A0C91BC942}") = "055_String03", "055_String03\055_String03.vcxproj", "{C4EB0E22-970E-4BBE-BB3A-D272653041C7}"
EndProject
Project("{8BC9CEB8-8B4A-11D0-8D11-00A0C91BC942}") = "056_String04", "056_String04\056_String04.vcxproj", "{CF236B15-FEE2-42F3-ABF9-DDEB180AFEC4}"
EndProject
Project("{8BC9CEB8-8B4A-11D0-8D11-00A0C91BC942}") = "057_String05", "057_String05\057_String05.vcxproj", "{1E73A172-DE1D-4243-A8A9-59E2228DF466}"
EndProject
Project("{8BC9CEB8-8B4A-11D0-8D11-00A0C91BC942}") = "058_String06", "058_String06\058_String06.vcxproj", "{84846524-EA97-48BA-8D5A-929EE1821A77}"
EndProject
Project("{8BC9CEB8-8B4A-11D0-8D11-00A0C91BC942}") = "059_CheckPoint", "059_CheckPoint\059_CheckPoint.vcxproj", "{E8D52027-0C43-48F7-BF02-9D48A38097ED}"
EndProject
Project("{8BC9CEB8-8B4A-11D0-8D11-00A0C91BC942}") = "60_Separate01", "60_Separate01\60_Separate01.vcxproj", "{5640A28A-73D6-4A1F-AD78-BA74E84531C2}"
EndProject
Project("{8BC9CEB8-8B4A-11D0-8D11-00A0C91BC942}") = "058_1_String", "058_1_String\058_1_String.vcxproj", "{E3D0948C-CB69-40A3-B491-8941053C5DF7}"
EndProject
Project("{8BC9CEB8-8B4A-11D0-8D11-00A0C91BC942}") = "061_Class01", "061_Class01\061_Class01.vcxproj", "{1DFD9528-9CB5-4DFF-85F0-3E4AFFC29894}"
EndProject
Project("{8BC9CEB8-8B4A-11D0-8D11-00A0C91BC942}") = "062_Class02", "062_Class02\062_Class02.vcxproj", "{A86029AA-1703-4340-A20E-8233F2143EBD}"
EndProject
Project("{8BC9CEB8-8B4A-11D0-8D11-00A0C91BC942}") = "063_Class03", "063_Class03\063_Class03.vcxproj", "{F447EC36-54A8-4C22-AF08-8E828E5DDDD5}"
EndProject
Project("{8BC9CEB8-8B4A-11D0-8D11-00A0C91BC942}") = "064_Class04", "064_Class04\064_Class04.vcxproj", "{C386B556-536B-4F03-9FB4-3A67258100B8}"
EndProject
Project("{8BC9CEB8-8B4A-11D0-8D11-00A0C91BC942}") = "065_Class05", "065_Class05\065_Class05.vcxproj", "{9641DB97-4A3D-426C-BB3D-87F09C7088F3}"
EndProject
Project("{8BC9CEB8-8B4A-11D0-8D11-00A0C91BC942}") = "066_Class06", "066_Class06\066_Class06.vcxproj", "{64DB0228-2849-49D7-B3C6-8B6D1EC63B59}"
EndProject
Global
	GlobalSection(SolutionConfigurationPlatforms) = preSolution
		Debug|x64 = Debug|x64
		Debug|x86 = Debug|x86
		Release|x64 = Release|x64
		Release|x86 = Release|x86
	EndGlobalSection
	GlobalSection(ProjectConfigurationPlatforms) = postSolution
		{BF23A798-F130-43F6-B44B-C43E0F1DF82B}.Debug|x64.ActiveCfg = Debug|x64
		{BF23A798-F130-43F6-B44B-C43E0F1DF82B}.Debug|x64.Build.0 = Debug|x64
		{BF23A798-F130-43F6-B44B-C43E0F1DF82B}.Debug|x86.ActiveCfg = Debug|Win32
		{BF23A798-F130-43F6-B44B-C43E0F1DF82B}.Debug|x86.Build.0 = Debug|Win32
		{BF23A798-F130-43F6-B44B-C43E0F1DF82B}.Release|x64.ActiveCfg = Release|x64
		{BF23A798-F130-43F6-B44B-C43E0F1DF82B}.Release|x64.Build.0 = Release|x64
		{BF23A798-F130-43F6-B44B-C43E0F1DF82B}.Release|x86.ActiveCfg = Release|Win32
		{BF23A798-F130-43F6-B44B-C43E0F1DF82B}.Release|x86.Build.0 = Release|Win32
		{05E0555B-9E14-4425-A485-A7C96E8B8A34}.Debug|x64.ActiveCfg = Debug|x64
		{05E0555B-9E14-4425-A485-A7C96E8B8A34}.Debug|x64.Build.0 = Debug|x64
		{05E0555B-9E14-4425-A485-A7C96E8B8A34}.Debug|x86.ActiveCfg = Debug|Win32
		{05E0555B-9E14-4425-A485-A7C96E8B8A34}.Debug|x86.Build.0 = Debug|Win32
		{05E0555B-9E14-4425-A485-A7C96E8B8A34}.Release|x64.ActiveCfg = Release|x64
		{05E0555B-9E14-4425-A485-A7C96E8B8A34}.Release|x64.Build.0 = Release|x64
		{05E0555B-9E14-4425-A485-A7C96E8B8A34}.Release|x86.ActiveCfg = Release|Win32
		{05E0555B-9E14-4425-A485-A7C96E8B8A34}.Release|x86.Build.0 = Release|Win32
		{FF6E6F09-1494-4AC1-8428-3ECAA8A3BABD}.Debug|x64.ActiveCfg = Debug|x64
		{FF6E6F09-1494-4AC1-8428-3ECAA8A3BABD}.Debug|x64.Build.0 = Debug|x64
		{FF6E6F09-1494-4AC1-8428-3ECAA8A3BABD}.Debug|x86.ActiveCfg = Debug|Win32
		{FF6E6F09-1494-4AC1-8428-3ECAA8A3BABD}.Debug|x86.Build.0 = Debug|Win32
		{FF6E6F09-1494-4AC1-8428-3ECAA8A3BABD}.Release|x64.ActiveCfg = Release|x64
		{FF6E6F09-1494-4AC1-8428-3ECAA8A3BABD}.Release|x64.Build.0 = Release|x64
		{FF6E6F09-1494-4AC1-8428-3ECAA8A3BABD}.Release|x86.ActiveCfg = Release|Win32
		{FF6E6F09-1494-4AC1-8428-3ECAA8A3BABD}.Release|x86.Build.0 = Release|Win32
		{FF1E8CAF-EDC8-4B87-A887-94FED0BDCA7A}.Debug|x64.ActiveCfg = Debug|x64
		{FF1E8CAF-EDC8-4B87-A887-94FED0BDCA7A}.Debug|x64.Build.0 = Debug|x64
		{FF1E8CAF-EDC8-4B87-A887-94FED0BDCA7A}.Debug|x86.ActiveCfg = Debug|Win32
		{FF1E8CAF-EDC8-4B87-A887-94FED0BDCA7A}.Debug|x86.Build.0 = Debug|Win32
		{FF1E8CAF-EDC8-4B87-A887-94FED0BDCA7A}.Release|x64.ActiveCfg = Release|x64
		{FF1E8CAF-EDC8-4B87-A887-94FED0BDCA7A}.Release|x64.Build.0 = Release|x64
		{FF1E8CAF-EDC8-4B87-A887-94FED0BDCA7A}.Release|x86.ActiveCfg = Release|Win32
		{FF1E8CAF-EDC8-4B87-A887-94FED0BDCA7A}.Release|x86.Build.0 = Release|Win32
		{F2562DAA-4BF9-4029-A18E-01638B256DDB}.Debug|x64.ActiveCfg = Debug|x64
		{F2562DAA-4BF9-4029-A18E-01638B256DDB}.Debug|x64.Build.0 = Debug|x64
		{F2562DAA-4BF9-4029-A18E-01638B256DDB}.Debug|x86.ActiveCfg = Debug|Win32
		{F2562DAA-4BF9-4029-A18E-01638B256DDB}.Debug|x86.Build.0 = Debug|Win32
		{F2562DAA-4BF9-4029-A18E-01638B256DDB}.Release|x64.ActiveCfg = Release|x64
		{F2562DAA-4BF9-4029-A18E-01638B256DDB}.Release|x64.Build.0 = Release|x64
		{F2562DAA-4BF9-4029-A18E-01638B256DDB}.Release|x86.ActiveCfg = Release|Win32
		{F2562DAA-4BF9-4029-A18E-01638B256DDB}.Release|x86.Build.0 = Release|Win32
		{EC6E8978-A6ED-4C45-89C0-97341B4B53D3}.Debug|x64.ActiveCfg = Debug|x64
		{EC6E8978-A6ED-4C45-89C0-97341B4B53D3}.Debug|x64.Build.0 = Debug|x64
		{EC6E8978-A6ED-4C45-89C0-97341B4B53D3}.Debug|x86.ActiveCfg = Debug|Win32
		{EC6E8978-A6ED-4C45-89C0-97341B4B53D3}.Debug|x86.Build.0 = Debug|Win32
		{EC6E8978-A6ED-4C45-89C0-97341B4B53D3}.Release|x64.ActiveCfg = Release|x64
		{EC6E8978-A6ED-4C45-89C0-97341B4B53D3}.Release|x64.Build.0 = Release|x64
		{EC6E8978-A6ED-4C45-89C0-97341B4B53D3}.Release|x86.ActiveCfg = Release|Win32
		{EC6E8978-A6ED-4C45-89C0-97341B4B53D3}.Release|x86.Build.0 = Release|Win32
		{9D39C44F-BF7C-430F-85D6-6302C54E6D40}.Debug|x64.ActiveCfg = Debug|x64
		{9D39C44F-BF7C-430F-85D6-6302C54E6D40}.Debug|x64.Build.0 = Debug|x64
		{9D39C44F-BF7C-430F-85D6-6302C54E6D40}.Debug|x86.ActiveCfg = Debug|Win32
		{9D39C44F-BF7C-430F-85D6-6302C54E6D40}.Debug|x86.Build.0 = Debug|Win32
		{9D39C44F-BF7C-430F-85D6-6302C54E6D40}.Release|x64.ActiveCfg = Release|x64
		{9D39C44F-BF7C-430F-85D6-6302C54E6D40}.Release|x64.Build.0 = Release|x64
		{9D39C44F-BF7C-430F-85D6-6302C54E6D40}.Release|x86.ActiveCfg = Release|Win32
		{9D39C44F-BF7C-430F-85D6-6302C54E6D40}.Release|x86.Build.0 = Release|Win32
		{150A810B-4E13-4608-85B2-BD6ECDA8DF25}.Debug|x64.ActiveCfg = Debug|x64
		{150A810B-4E13-4608-85B2-BD6ECDA8DF25}.Debug|x64.Build.0 = Debug|x64
		{150A810B-4E13-4608-85B2-BD6ECDA8DF25}.Debug|x86.ActiveCfg = Debug|Win32
		{150A810B-4E13-4608-85B2-BD6ECDA8DF25}.Debug|x86.Build.0 = Debug|Win32
		{150A810B-4E13-4608-85B2-BD6ECDA8DF25}.Release|x64.ActiveCfg = Release|x64
		{150A810B-4E13-4608-85B2-BD6ECDA8DF25}.Release|x64.Build.0 = Release|x64
		{150A810B-4E13-4608-85B2-BD6ECDA8DF25}.Release|x86.ActiveCfg = Release|Win32
		{150A810B-4E13-4608-85B2-BD6ECDA8DF25}.Release|x86.Build.0 = Release|Win32
		{13305F63-22C0-406A-9C59-A7B0A8AA72B5}.Debug|x64.ActiveCfg = Debug|x64
		{13305F63-22C0-406A-9C59-A7B0A8AA72B5}.Debug|x64.Build.0 = Debug|x64
		{13305F63-22C0-406A-9C59-A7B0A8AA72B5}.Debug|x86.ActiveCfg = Debug|Win32
		{13305F63-22C0-406A-9C59-A7B0A8AA72B5}.Debug|x86.Build.0 = Debug|Win32
		{13305F63-22C0-406A-9C59-A7B0A8AA72B5}.Release|x64.ActiveCfg = Release|x64
		{13305F63-22C0-406A-9C59-A7B0A8AA72B5}.Release|x64.Build.0 = Release|x64
		{13305F63-22C0-406A-9C59-A7B0A8AA72B5}.Release|x86.ActiveCfg = Release|Win32
		{13305F63-22C0-406A-9C59-A7B0A8AA72B5}.Release|x86.Build.0 = Release|Win32
		{AB58571C-9893-4126-B842-B08C7AC1DBFA}.Debug|x64.ActiveCfg = Debug|x64
		{AB58571C-9893-4126-B842-B08C7AC1DBFA}.Debug|x64.Build.0 = Debug|x64
		{AB58571C-9893-4126-B842-B08C7AC1DBFA}.Debug|x86.ActiveCfg = Debug|Win32
		{AB58571C-9893-4126-B842-B08C7AC1DBFA}.Debug|x86.Build.0 = Debug|Win32
		{AB58571C-9893-4126-B842-B08C7AC1DBFA}.Release|x64.ActiveCfg = Release|x64
		{AB58571C-9893-4126-B842-B08C7AC1DBFA}.Release|x64.Build.0 = Release|x64
		{AB58571C-9893-4126-B842-B08C7AC1DBFA}.Release|x86.ActiveCfg = Release|Win32
		{AB58571C-9893-4126-B842-B08C7AC1DBFA}.Release|x86.Build.0 = Release|Win32
		{EF9A9F87-8B96-4D4B-A46A-B28FD5C10133}.Debug|x64.ActiveCfg = Debug|x64
		{EF9A9F87-8B96-4D4B-A46A-B28FD5C10133}.Debug|x64.Build.0 = Debug|x64
		{EF9A9F87-8B96-4D4B-A46A-B28FD5C10133}.Debug|x86.ActiveCfg = Debug|Win32
		{EF9A9F87-8B96-4D4B-A46A-B28FD5C10133}.Debug|x86.Build.0 = Debug|Win32
		{EF9A9F87-8B96-4D4B-A46A-B28FD5C10133}.Release|x64.ActiveCfg = Release|x64
		{EF9A9F87-8B96-4D4B-A46A-B28FD5C10133}.Release|x64.Build.0 = Release|x64
		{EF9A9F87-8B96-4D4B-A46A-B28FD5C10133}.Release|x86.ActiveCfg = Release|Win32
		{EF9A9F87-8B96-4D4B-A46A-B28FD5C10133}.Release|x86.Build.0 = Release|Win32
		{DC45380C-FD14-4AD6-8448-F4FCD6631829}.Debug|x64.ActiveCfg = Debug|x64
		{DC45380C-FD14-4AD6-8448-F4FCD6631829}.Debug|x64.Build.0 = Debug|x64
		{DC45380C-FD14-4AD6-8448-F4FCD6631829}.Debug|x86.ActiveCfg = Debug|Win32
		{DC45380C-FD14-4AD6-8448-F4FCD6631829}.Debug|x86.Build.0 = Debug|Win32
		{DC45380C-FD14-4AD6-8448-F4FCD6631829}.Release|x64.ActiveCfg = Release|x64
		{DC45380C-FD14-4AD6-8448-F4FCD6631829}.Release|x64.Build.0 = Release|x64
		{DC45380C-FD14-4AD6-8448-F4FCD6631829}.Release|x86.ActiveCfg = Release|Win32
		{DC45380C-FD14-4AD6-8448-F4FCD6631829}.Release|x86.Build.0 = Release|Win32
		{80FF9F4C-D4E8-4104-B77C-81C33C16D19D}.Debug|x64.ActiveCfg = Debug|x64
		{80FF9F4C-D4E8-4104-B77C-81C33C16D19D}.Debug|x64.Build.0 = Debug|x64
		{80FF9F4C-D4E8-4104-B77C-81C33C16D19D}.Debug|x86.ActiveCfg = Debug|Win32
		{80FF9F4C-D4E8-4104-B77C-81C33C16D19D}.Debug|x86.Build.0 = Debug|Win32
		{80FF9F4C-D4E8-4104-B77C-81C33C16D19D}.Release|x64.ActiveCfg = Release|x64
		{80FF9F4C-D4E8-4104-B77C-81C33C16D19D}.Release|x64.Build.0 = Release|x64
		{80FF9F4C-D4E8-4104-B77C-81C33C16D19D}.Release|x86.ActiveCfg = Release|Win32
		{80FF9F4C-D4E8-4104-B77C-81C33C16D19D}.Release|x86.Build.0 = Release|Win32
		{CA6280A8-3EC2-4187-9C5F-9C57F075D1AB}.Debug|x64.ActiveCfg = Debug|x64
		{CA6280A8-3EC2-4187-9C5F-9C57F075D1AB}.Debug|x64.Build.0 = Debug|x64
		{CA6280A8-3EC2-4187-9C5F-9C57F075D1AB}.Debug|x86.ActiveCfg = Debug|Win32
		{CA6280A8-3EC2-4187-9C5F-9C57F075D1AB}.Debug|x86.Build.0 = Debug|Win32
		{CA6280A8-3EC2-4187-9C5F-9C57F075D1AB}.Release|x64.ActiveCfg = Release|x64
		{CA6280A8-3EC2-4187-9C5F-9C57F075D1AB}.Release|x64.Build.0 = Release|x64
		{CA6280A8-3EC2-4187-9C5F-9C57F075D1AB}.Release|x86.ActiveCfg = Release|Win32
		{CA6280A8-3EC2-4187-9C5F-9C57F075D1AB}.Release|x86.Build.0 = Release|Win32
		{04B6DA66-2ACB-4BDC-9BB6-0D659D5E6090}.Debug|x64.ActiveCfg = Debug|x64
		{04B6DA66-2ACB-4BDC-9BB6-0D659D5E6090}.Debug|x64.Build.0 = Debug|x64
		{04B6DA66-2ACB-4BDC-9BB6-0D659D5E6090}.Debug|x86.ActiveCfg = Debug|Win32
		{04B6DA66-2ACB-4BDC-9BB6-0D659D5E6090}.Debug|x86.Build.0 = Debug|Win32
		{04B6DA66-2ACB-4BDC-9BB6-0D659D5E6090}.Release|x64.ActiveCfg = Release|x64
		{04B6DA66-2ACB-4BDC-9BB6-0D659D5E6090}.Release|x64.Build.0 = Release|x64
		{04B6DA66-2ACB-4BDC-9BB6-0D659D5E6090}.Release|x86.ActiveCfg = Release|Win32
		{04B6DA66-2ACB-4BDC-9BB6-0D659D5E6090}.Release|x86.Build.0 = Release|Win32
		{385659EA-4504-46E9-BEB1-E24F95F2C1C5}.Debug|x64.ActiveCfg = Debug|x64
		{385659EA-4504-46E9-BEB1-E24F95F2C1C5}.Debug|x64.Build.0 = Debug|x64
		{385659EA-4504-46E9-BEB1-E24F95F2C1C5}.Debug|x86.ActiveCfg = Debug|Win32
		{385659EA-4504-46E9-BEB1-E24F95F2C1C5}.Debug|x86.Build.0 = Debug|Win32
		{385659EA-4504-46E9-BEB1-E24F95F2C1C5}.Release|x64.ActiveCfg = Release|x64
		{385659EA-4504-46E9-BEB1-E24F95F2C1C5}.Release|x64.Build.0 = Release|x64
		{385659EA-4504-46E9-BEB1-E24F95F2C1C5}.Release|x86.ActiveCfg = Release|Win32
		{385659EA-4504-46E9-BEB1-E24F95F2C1C5}.Release|x86.Build.0 = Release|Win32
		{FF3C60C7-74BA-48C4-AF5F-779CDCF386F1}.Debug|x64.ActiveCfg = Debug|x64
		{FF3C60C7-74BA-48C4-AF5F-779CDCF386F1}.Debug|x64.Build.0 = Debug|x64
		{FF3C60C7-74BA-48C4-AF5F-779CDCF386F1}.Debug|x86.ActiveCfg = Debug|Win32
		{FF3C60C7-74BA-48C4-AF5F-779CDCF386F1}.Debug|x86.Build.0 = Debug|Win32
		{FF3C60C7-74BA-48C4-AF5F-779CDCF386F1}.Release|x64.ActiveCfg = Release|x64
		{FF3C60C7-74BA-48C4-AF5F-779CDCF386F1}.Release|x64.Build.0 = Release|x64
		{FF3C60C7-74BA-48C4-AF5F-779CDCF386F1}.Release|x86.ActiveCfg = Release|Win32
		{FF3C60C7-74BA-48C4-AF5F-779CDCF386F1}.Release|x86.Build.0 = Release|Win32
		{A47AD383-BCD7-443D-92F2-100171AB2E00}.Debug|x64.ActiveCfg = Debug|x64
		{A47AD383-BCD7-443D-92F2-100171AB2E00}.Debug|x64.Build.0 = Debug|x64
		{A47AD383-BCD7-443D-92F2-100171AB2E00}.Debug|x86.ActiveCfg = Debug|Win32
		{A47AD383-BCD7-443D-92F2-100171AB2E00}.Debug|x86.Build.0 = Debug|Win32
		{A47AD383-BCD7-443D-92F2-100171AB2E00}.Release|x64.ActiveCfg = Release|x64
		{A47AD383-BCD7-443D-92F2-100171AB2E00}.Release|x64.Build.0 = Release|x64
		{A47AD383-BCD7-443D-92F2-100171AB2E00}.Release|x86.ActiveCfg = Release|Win32
		{A47AD383-BCD7-443D-92F2-100171AB2E00}.Release|x86.Build.0 = Release|Win32
		{7663945F-B760-4454-A7AA-9E2784C9FA6A}.Debug|x64.ActiveCfg = Debug|x64
		{7663945F-B760-4454-A7AA-9E2784C9FA6A}.Debug|x64.Build.0 = Debug|x64
		{7663945F-B760-4454-A7AA-9E2784C9FA6A}.Debug|x86.ActiveCfg = Debug|Win32
		{7663945F-B760-4454-A7AA-9E2784C9FA6A}.Debug|x86.Build.0 = Debug|Win32
		{7663945F-B760-4454-A7AA-9E2784C9FA6A}.Release|x64.ActiveCfg = Release|x64
		{7663945F-B760-4454-A7AA-9E2784C9FA6A}.Release|x64.Build.0 = Release|x64
		{7663945F-B760-4454-A7AA-9E2784C9FA6A}.Release|x86.ActiveCfg = Release|Win32
		{7663945F-B760-4454-A7AA-9E2784C9FA6A}.Release|x86.Build.0 = Release|Win32
		{F4378451-BAA5-44F3-8EFF-CD8EBDCA4C47}.Debug|x64.ActiveCfg = Debug|x64
		{F4378451-BAA5-44F3-8EFF-CD8EBDCA4C47}.Debug|x64.Build.0 = Debug|x64
		{F4378451-BAA5-44F3-8EFF-CD8EBDCA4C47}.Debug|x86.ActiveCfg = Debug|Win32
		{F4378451-BAA5-44F3-8EFF-CD8EBDCA4C47}.Debug|x86.Build.0 = Debug|Win32
		{F4378451-BAA5-44F3-8EFF-CD8EBDCA4C47}.Release|x64.ActiveCfg = Release|x64
		{F4378451-BAA5-44F3-8EFF-CD8EBDCA4C47}.Release|x64.Build.0 = Release|x64
		{F4378451-BAA5-44F3-8EFF-CD8EBDCA4C47}.Release|x86.ActiveCfg = Release|Win32
		{F4378451-BAA5-44F3-8EFF-CD8EBDCA4C47}.Release|x86.Build.0 = Release|Win32
		{A875388F-DD72-4525-924C-BAA178444EEF}.Debug|x64.ActiveCfg = Debug|x64
		{A875388F-DD72-4525-924C-BAA178444EEF}.Debug|x64.Build.0 = Debug|x64
		{A875388F-DD72-4525-924C-BAA178444EEF}.Debug|x86.ActiveCfg = Debug|Win32
		{A875388F-DD72-4525-924C-BAA178444EEF}.Debug|x86.Build.0 = Debug|Win32
		{A875388F-DD72-4525-924C-BAA178444EEF}.Release|x64.ActiveCfg = Release|x64
		{A875388F-DD72-4525-924C-BAA178444EEF}.Release|x64.Build.0 = Release|x64
		{A875388F-DD72-4525-924C-BAA178444EEF}.Release|x86.ActiveCfg = Release|Win32
		{A875388F-DD72-4525-924C-BAA178444EEF}.Release|x86.Build.0 = Release|Win32
		{BBB74EAF-93A0-4BFC-9EE7-2F9A1F4730D5}.Debug|x64.ActiveCfg = Debug|x64
		{BBB74EAF-93A0-4BFC-9EE7-2F9A1F4730D5}.Debug|x64.Build.0 = Debug|x64
		{BBB74EAF-93A0-4BFC-9EE7-2F9A1F4730D5}.Debug|x86.ActiveCfg = Debug|Win32
		{BBB74EAF-93A0-4BFC-9EE7-2F9A1F4730D5}.Debug|x86.Build.0 = Debug|Win32
		{BBB74EAF-93A0-4BFC-9EE7-2F9A1F4730D5}.Release|x64.ActiveCfg = Release|x64
		{BBB74EAF-93A0-4BFC-9EE7-2F9A1F4730D5}.Release|x64.Build.0 = Release|x64
		{BBB74EAF-93A0-4BFC-9EE7-2F9A1F4730D5}.Release|x86.ActiveCfg = Release|Win32
		{BBB74EAF-93A0-4BFC-9EE7-2F9A1F4730D5}.Release|x86.Build.0 = Release|Win32
		{F6A6A468-CACB-4B7F-8120-05B077E6CD7B}.Debug|x64.ActiveCfg = Debug|x64
		{F6A6A468-CACB-4B7F-8120-05B077E6CD7B}.Debug|x64.Build.0 = Debug|x64
		{F6A6A468-CACB-4B7F-8120-05B077E6CD7B}.Debug|x86.ActiveCfg = Debug|Win32
		{F6A6A468-CACB-4B7F-8120-05B077E6CD7B}.Debug|x86.Build.0 = Debug|Win32
		{F6A6A468-CACB-4B7F-8120-05B077E6CD7B}.Release|x64.ActiveCfg = Release|x64
		{F6A6A468-CACB-4B7F-8120-05B077E6CD7B}.Release|x64.Build.0 = Release|x64
		{F6A6A468-CACB-4B7F-8120-05B077E6CD7B}.Release|x86.ActiveCfg = Release|Win32
		{F6A6A468-CACB-4B7F-8120-05B077E6CD7B}.Release|x86.Build.0 = Release|Win32
		{19CC964E-5219-4AC0-8727-F35ACD5E5730}.Debug|x64.ActiveCfg = Debug|x64
		{19CC964E-5219-4AC0-8727-F35ACD5E5730}.Debug|x64.Build.0 = Debug|x64
		{19CC964E-5219-4AC0-8727-F35ACD5E5730}.Debug|x86.ActiveCfg = Debug|Win32
		{19CC964E-5219-4AC0-8727-F35ACD5E5730}.Debug|x86.Build.0 = Debug|Win32
		{19CC964E-5219-4AC0-8727-F35ACD5E5730}.Release|x64.ActiveCfg = Release|x64
		{19CC964E-5219-4AC0-8727-F35ACD5E5730}.Release|x64.Build.0 = Release|x64
		{19CC964E-5219-4AC0-8727-F35ACD5E5730}.Release|x86.ActiveCfg = Release|Win32
		{19CC964E-5219-4AC0-8727-F35ACD5E5730}.Release|x86.Build.0 = Release|Win32
		{88027F9B-7E58-41DB-8A3D-FB4AD0EE4198}.Debug|x64.ActiveCfg = Debug|x64
		{88027F9B-7E58-41DB-8A3D-FB4AD0EE4198}.Debug|x64.Build.0 = Debug|x64
		{88027F9B-7E58-41DB-8A3D-FB4AD0EE4198}.Debug|x86.ActiveCfg = Debug|Win32
		{88027F9B-7E58-41DB-8A3D-FB4AD0EE4198}.Debug|x86.Build.0 = Debug|Win32
		{88027F9B-7E58-41DB-8A3D-FB4AD0EE4198}.Release|x64.ActiveCfg = Release|x64
		{88027F9B-7E58-41DB-8A3D-FB4AD0EE4198}.Release|x64.Build.0 = Release|x64
		{88027F9B-7E58-41DB-8A3D-FB4AD0EE4198}.Release|x86.ActiveCfg = Release|Win32
		{88027F9B-7E58-41DB-8A3D-FB4AD0EE4198}.Release|x86.Build.0 = Release|Win32
		{5BE13828-AAAB-4934-B9B7-EB3B1DD7495B}.Debug|x64.ActiveCfg = Debug|x64
		{5BE13828-AAAB-4934-B9B7-EB3B1DD7495B}.Debug|x64.Build.0 = Debug|x64
		{5BE13828-AAAB-4934-B9B7-EB3B1DD7495B}.Debug|x86.ActiveCfg = Debug|Win32
		{5BE13828-AAAB-4934-B9B7-EB3B1DD7495B}.Debug|x86.Build.0 = Debug|Win32
		{5BE13828-AAAB-4934-B9B7-EB3B1DD7495B}.Release|x64.ActiveCfg = Release|x64
		{5BE13828-AAAB-4934-B9B7-EB3B1DD7495B}.Release|x64.Build.0 = Release|x64
		{5BE13828-AAAB-4934-B9B7-EB3B1DD7495B}.Release|x86.ActiveCfg = Release|Win32
		{5BE13828-AAAB-4934-B9B7-EB3B1DD7495B}.Release|x86.Build.0 = Release|Win32
		{BD67D1D0-39DB-46EC-BE6A-B6BE2BDEB963}.Debug|x64.ActiveCfg = Debug|x64
		{BD67D1D0-39DB-46EC-BE6A-B6BE2BDEB963}.Debug|x64.Build.0 = Debug|x64
		{BD67D1D0-39DB-46EC-BE6A-B6BE2BDEB963}.Debug|x86.ActiveCfg = Debug|Win32
		{BD67D1D0-39DB-46EC-BE6A-B6BE2BDEB963}.Debug|x86.Build.0 = Debug|Win32
		{BD67D1D0-39DB-46EC-BE6A-B6BE2BDEB963}.Release|x64.ActiveCfg = Release|x64
		{BD67D1D0-39DB-46EC-BE6A-B6BE2BDEB963}.Release|x64.Build.0 = Release|x64
		{BD67D1D0-39DB-46EC-BE6A-B6BE2BDEB963}.Release|x86.ActiveCfg = Release|Win32
		{BD67D1D0-39DB-46EC-BE6A-B6BE2BDEB963}.Release|x86.Build.0 = Release|Win32
		{7612D64B-A167-41BA-9BA1-88A01B973DB5}.Debug|x64.ActiveCfg = Debug|x64
		{7612D64B-A167-41BA-9BA1-88A01B973DB5}.Debug|x64.Build.0 = Debug|x64
		{7612D64B-A167-41BA-9BA1-88A01B973DB5}.Debug|x86.ActiveCfg = Debug|Win32
		{7612D64B-A167-41BA-9BA1-88A01B973DB5}.Debug|x86.Build.0 = Debug|Win32
		{7612D64B-A167-41BA-9BA1-88A01B973DB5}.Release|x64.ActiveCfg = Release|x64
		{7612D64B-A167-41BA-9BA1-88A01B973DB5}.Release|x64.Build.0 = Release|x64
		{7612D64B-A167-41BA-9BA1-88A01B973DB5}.Release|x86.ActiveCfg = Release|Win32
		{7612D64B-A167-41BA-9BA1-88A01B973DB5}.Release|x86.Build.0 = Release|Win32
		{9B5D6B56-A928-401E-832A-84B46CB08B21}.Debug|x64.ActiveCfg = Debug|x64
		{9B5D6B56-A928-401E-832A-84B46CB08B21}.Debug|x64.Build.0 = Debug|x64
		{9B5D6B56-A928-401E-832A-84B46CB08B21}.Debug|x86.ActiveCfg = Debug|Win32
		{9B5D6B56-A928-401E-832A-84B46CB08B21}.Debug|x86.Build.0 = Debug|Win32
		{9B5D6B56-A928-401E-832A-84B46CB08B21}.Release|x64.ActiveCfg = Release|x64
		{9B5D6B56-A928-401E-832A-84B46CB08B21}.Release|x64.Build.0 = Release|x64
		{9B5D6B56-A928-401E-832A-84B46CB08B21}.Release|x86.ActiveCfg = Release|Win32
		{9B5D6B56-A928-401E-832A-84B46CB08B21}.Release|x86.Build.0 = Release|Win32
		{26AB7062-BDA0-45A9-A446-8C611F0EACD9}.Debug|x64.ActiveCfg = Debug|x64
		{26AB7062-BDA0-45A9-A446-8C611F0EACD9}.Debug|x64.Build.0 = Debug|x64
		{26AB7062-BDA0-45A9-A446-8C611F0EACD9}.Debug|x86.ActiveCfg = Debug|Win32
		{26AB7062-BDA0-45A9-A446-8C611F0EACD9}.Debug|x86.Build.0 = Debug|Win32
		{26AB7062-BDA0-45A9-A446-8C611F0EACD9}.Release|x64.ActiveCfg = Release|x64
		{26AB7062-BDA0-45A9-A446-8C611F0EACD9}.Release|x64.Build.0 = Release|x64
		{26AB7062-BDA0-45A9-A446-8C611F0EACD9}.Release|x86.ActiveCfg = Release|Win32
		{26AB7062-BDA0-45A9-A446-8C611F0EACD9}.Release|x86.Build.0 = Release|Win32
		{1B2246FA-9562-493C-8D0C-46305563463F}.Debug|x64.ActiveCfg = Debug|x64
		{1B2246FA-9562-493C-8D0C-46305563463F}.Debug|x64.Build.0 = Debug|x64
		{1B2246FA-9562-493C-8D0C-46305563463F}.Debug|x86.ActiveCfg = Debug|Win32
		{1B2246FA-9562-493C-8D0C-46305563463F}.Debug|x86.Build.0 = Debug|Win32
		{1B2246FA-9562-493C-8D0C-46305563463F}.Release|x64.ActiveCfg = Release|x64
		{1B2246FA-9562-493C-8D0C-46305563463F}.Release|x64.Build.0 = Release|x64
		{1B2246FA-9562-493C-8D0C-46305563463F}.Release|x86.ActiveCfg = Release|Win32
		{1B2246FA-9562-493C-8D0C-46305563463F}.Release|x86.Build.0 = Release|Win32
		{B586DFBF-77C7-4A58-AA28-2AA2B7E614CB}.Debug|x64.ActiveCfg = Debug|x64
		{B586DFBF-77C7-4A58-AA28-2AA2B7E614CB}.Debug|x64.Build.0 = Debug|x64
		{B586DFBF-77C7-4A58-AA28-2AA2B7E614CB}.Debug|x86.ActiveCfg = Debug|Win32
		{B586DFBF-77C7-4A58-AA28-2AA2B7E614CB}.Debug|x86.Build.0 = Debug|Win32
		{B586DFBF-77C7-4A58-AA28-2AA2B7E614CB}.Release|x64.ActiveCfg = Release|x64
		{B586DFBF-77C7-4A58-AA28-2AA2B7E614CB}.Release|x64.Build.0 = Release|x64
		{B586DFBF-77C7-4A58-AA28-2AA2B7E614CB}.Release|x86.ActiveCfg = Release|Win32
		{B586DFBF-77C7-4A58-AA28-2AA2B7E614CB}.Release|x86.Build.0 = Release|Win32
		{450F08B1-AD02-4DEF-9335-692595510F8F}.Debug|x64.ActiveCfg = Debug|x64
		{450F08B1-AD02-4DEF-9335-692595510F8F}.Debug|x64.Build.0 = Debug|x64
		{450F08B1-AD02-4DEF-9335-692595510F8F}.Debug|x86.ActiveCfg = Debug|Win32
		{450F08B1-AD02-4DEF-9335-692595510F8F}.Debug|x86.Build.0 = Debug|Win32
		{450F08B1-AD02-4DEF-9335-692595510F8F}.Release|x64.ActiveCfg = Release|x64
		{450F08B1-AD02-4DEF-9335-692595510F8F}.Release|x64.Build.0 = Release|x64
		{450F08B1-AD02-4DEF-9335-692595510F8F}.Release|x86.ActiveCfg = Release|Win32
		{450F08B1-AD02-4DEF-9335-692595510F8F}.Release|x86.Build.0 = Release|Win32
		{75C68384-3655-42F0-A4CC-F806FD6FBF16}.Debug|x64.ActiveCfg = Debug|x64
		{75C68384-3655-42F0-A4CC-F806FD6FBF16}.Debug|x64.Build.0 = Debug|x64
		{75C68384-3655-42F0-A4CC-F806FD6FBF16}.Debug|x86.ActiveCfg = Debug|Win32
		{75C68384-3655-42F0-A4CC-F806FD6FBF16}.Debug|x86.Build.0 = Debug|Win32
		{75C68384-3655-42F0-A4CC-F806FD6FBF16}.Release|x64.ActiveCfg = Release|x64
		{75C68384-3655-42F0-A4CC-F806FD6FBF16}.Release|x64.Build.0 = Release|x64
		{75C68384-3655-42F0-A4CC-F806FD6FBF16}.Release|x86.ActiveCfg = Release|Win32
		{75C68384-3655-42F0-A4CC-F806FD6FBF16}.Release|x86.Build.0 = Release|Win32
		{D732AA50-D383-42C4-91CA-A968681C630E}.Debug|x64.ActiveCfg = Debug|x64
		{D732AA50-D383-42C4-91CA-A968681C630E}.Debug|x64.Build.0 = Debug|x64
		{D732AA50-D383-42C4-91CA-A968681C630E}.Debug|x86.ActiveCfg = Debug|Win32
		{D732AA50-D383-42C4-91CA-A968681C630E}.Debug|x86.Build.0 = Debug|Win32
		{D732AA50-D383-42C4-91CA-A968681C630E}.Release|x64.ActiveCfg = Release|x64
		{D732AA50-D383-42C4-91CA-A968681C630E}.Release|x64.Build.0 = Release|x64
		{D732AA50-D383-42C4-91CA-A968681C630E}.Release|x86.ActiveCfg = Release|Win32
		{D732AA50-D383-42C4-91CA-A968681C630E}.Release|x86.Build.0 = Release|Win32
		{271A87AC-9565-4610-8D5D-381BA0A2CCA7}.Debug|x64.ActiveCfg = Debug|x64
		{271A87AC-9565-4610-8D5D-381BA0A2CCA7}.Debug|x64.Build.0 = Debug|x64
		{271A87AC-9565-4610-8D5D-381BA0A2CCA7}.Debug|x86.ActiveCfg = Debug|Win32
		{271A87AC-9565-4610-8D5D-381BA0A2CCA7}.Debug|x86.Build.0 = Debug|Win32
		{271A87AC-9565-4610-8D5D-381BA0A2CCA7}.Release|x64.ActiveCfg = Release|x64
		{271A87AC-9565-4610-8D5D-381BA0A2CCA7}.Release|x64.Build.0 = Release|x64
		{271A87AC-9565-4610-8D5D-381BA0A2CCA7}.Release|x86.ActiveCfg = Release|Win32
		{271A87AC-9565-4610-8D5D-381BA0A2CCA7}.Release|x86.Build.0 = Release|Win32
		{CC4A147D-6ECE-4151-BCB4-C7A21631D409}.Debug|x64.ActiveCfg = Debug|x64
		{CC4A147D-6ECE-4151-BCB4-C7A21631D409}.Debug|x64.Build.0 = Debug|x64
		{CC4A147D-6ECE-4151-BCB4-C7A21631D409}.Debug|x86.ActiveCfg = Debug|Win32
		{CC4A147D-6ECE-4151-BCB4-C7A21631D409}.Debug|x86.Build.0 = Debug|Win32
		{CC4A147D-6ECE-4151-BCB4-C7A21631D409}.Release|x64.ActiveCfg = Release|x64
		{CC4A147D-6ECE-4151-BCB4-C7A21631D409}.Release|x64.Build.0 = Release|x64
		{CC4A147D-6ECE-4151-BCB4-C7A21631D409}.Release|x86.ActiveCfg = Release|Win32
		{CC4A147D-6ECE-4151-BCB4-C7A21631D409}.Release|x86.Build.0 = Release|Win32
		{3A5C2DB6-652F-4A37-9E3B-D80E1D6BDEE0}.Debug|x64.ActiveCfg = Debug|x64
		{3A5C2DB6-652F-4A37-9E3B-D80E1D6BDEE0}.Debug|x64.Build.0 = Debug|x64
		{3A5C2DB6-652F-4A37-9E3B-D80E1D6BDEE0}.Debug|x86.ActiveCfg = Debug|Win32
		{3A5C2DB6-652F-4A37-9E3B-D80E1D6BDEE0}.Debug|x86.Build.0 = Debug|Win32
		{3A5C2DB6-652F-4A37-9E3B-D80E1D6BDEE0}.Release|x64.ActiveCfg = Release|x64
		{3A5C2DB6-652F-4A37-9E3B-D80E1D6BDEE0}.Release|x64.Build.0 = Release|x64
		{3A5C2DB6-652F-4A37-9E3B-D80E1D6BDEE0}.Release|x86.ActiveCfg = Release|Win32
		{3A5C2DB6-652F-4A37-9E3B-D80E1D6BDEE0}.Release|x86.Build.0 = Release|Win32
		{2881D53F-0D94-4964-9557-49E22A95CDCD}.Debug|x64.ActiveCfg = Debug|x64
		{2881D53F-0D94-4964-9557-49E22A95CDCD}.Debug|x64.Build.0 = Debug|x64
		{2881D53F-0D94-4964-9557-49E22A95CDCD}.Debug|x86.ActiveCfg = Debug|Win32
		{2881D53F-0D94-4964-9557-49E22A95CDCD}.Debug|x86.Build.0 = Debug|Win32
		{2881D53F-0D94-4964-9557-49E22A95CDCD}.Release|x64.ActiveCfg = Release|x64
		{2881D53F-0D94-4964-9557-49E22A95CDCD}.Release|x64.Build.0 = Release|x64
		{2881D53F-0D94-4964-9557-49E22A95CDCD}.Release|x86.ActiveCfg = Release|Win32
		{2881D53F-0D94-4964-9557-49E22A95CDCD}.Release|x86.Build.0 = Release|Win32
		{0BCEA087-84DD-45A7-9D51-39934EF7C31A}.Debug|x64.ActiveCfg = Debug|x64
		{0BCEA087-84DD-45A7-9D51-39934EF7C31A}.Debug|x64.Build.0 = Debug|x64
		{0BCEA087-84DD-45A7-9D51-39934EF7C31A}.Debug|x86.ActiveCfg = Debug|Win32
		{0BCEA087-84DD-45A7-9D51-39934EF7C31A}.Debug|x86.Build.0 = Debug|Win32
		{0BCEA087-84DD-45A7-9D51-39934EF7C31A}.Release|x64.ActiveCfg = Release|x64
		{0BCEA087-84DD-45A7-9D51-39934EF7C31A}.Release|x64.Build.0 = Release|x64
		{0BCEA087-84DD-45A7-9D51-39934EF7C31A}.Release|x86.ActiveCfg = Release|Win32
		{0BCEA087-84DD-45A7-9D51-39934EF7C31A}.Release|x86.Build.0 = Release|Win32
		{4FF673CE-F323-4D65-80CA-AE90A54953D9}.Debug|x64.ActiveCfg = Debug|x64
		{4FF673CE-F323-4D65-80CA-AE90A54953D9}.Debug|x64.Build.0 = Debug|x64
		{4FF673CE-F323-4D65-80CA-AE90A54953D9}.Debug|x86.ActiveCfg = Debug|Win32
		{4FF673CE-F323-4D65-80CA-AE90A54953D9}.Debug|x86.Build.0 = Debug|Win32
		{4FF673CE-F323-4D65-80CA-AE90A54953D9}.Release|x64.ActiveCfg = Release|x64
		{4FF673CE-F323-4D65-80CA-AE90A54953D9}.Release|x64.Build.0 = Release|x64
		{4FF673CE-F323-4D65-80CA-AE90A54953D9}.Release|x86.ActiveCfg = Release|Win32
		{4FF673CE-F323-4D65-80CA-AE90A54953D9}.Release|x86.Build.0 = Release|Win32
		{85D28491-CE8A-46E3-9C19-1887BB6BBF87}.Debug|x64.ActiveCfg = Debug|x64
		{85D28491-CE8A-46E3-9C19-1887BB6BBF87}.Debug|x64.Build.0 = Debug|x64
		{85D28491-CE8A-46E3-9C19-1887BB6BBF87}.Debug|x86.ActiveCfg = Debug|Win32
		{85D28491-CE8A-46E3-9C19-1887BB6BBF87}.Debug|x86.Build.0 = Debug|Win32
		{85D28491-CE8A-46E3-9C19-1887BB6BBF87}.Release|x64.ActiveCfg = Release|x64
		{85D28491-CE8A-46E3-9C19-1887BB6BBF87}.Release|x64.Build.0 = Release|x64
		{85D28491-CE8A-46E3-9C19-1887BB6BBF87}.Release|x86.ActiveCfg = Release|Win32
		{85D28491-CE8A-46E3-9C19-1887BB6BBF87}.Release|x86.Build.0 = Release|Win32
		{361E1682-CAE0-4CD4-8919-0C9FB965C9AE}.Debug|x64.ActiveCfg = Debug|x64
		{361E1682-CAE0-4CD4-8919-0C9FB965C9AE}.Debug|x64.Build.0 = Debug|x64
		{361E1682-CAE0-4CD4-8919-0C9FB965C9AE}.Debug|x86.ActiveCfg = Debug|Win32
		{361E1682-CAE0-4CD4-8919-0C9FB965C9AE}.Debug|x86.Build.0 = Debug|Win32
		{361E1682-CAE0-4CD4-8919-0C9FB965C9AE}.Release|x64.ActiveCfg = Release|x64
		{361E1682-CAE0-4CD4-8919-0C9FB965C9AE}.Release|x64.Build.0 = Release|x64
		{361E1682-CAE0-4CD4-8919-0C9FB965C9AE}.Release|x86.ActiveCfg = Release|Win32
		{361E1682-CAE0-4CD4-8919-0C9FB965C9AE}.Release|x86.Build.0 = Release|Win32
		{54275555-1FF3-4E2D-B96C-047CD49EBB78}.Debug|x64.ActiveCfg = Debug|x64
		{54275555-1FF3-4E2D-B96C-047CD49EBB78}.Debug|x64.Build.0 = Debug|x64
		{54275555-1FF3-4E2D-B96C-047CD49EBB78}.Debug|x86.ActiveCfg = Debug|Win32
		{54275555-1FF3-4E2D-B96C-047CD49EBB78}.Debug|x86.Build.0 = Debug|Win32
		{54275555-1FF3-4E2D-B96C-047CD49EBB78}.Release|x64.ActiveCfg = Release|x64
		{54275555-1FF3-4E2D-B96C-047CD49EBB78}.Release|x64.Build.0 = Release|x64
		{54275555-1FF3-4E2D-B96C-047CD49EBB78}.Release|x86.ActiveCfg = Release|Win32
		{54275555-1FF3-4E2D-B96C-047CD49EBB78}.Release|x86.Build.0 = Release|Win32
		{308B0AB1-0697-48F8-94A2-8189CEA82EA5}.Debug|x64.ActiveCfg = Debug|x64
		{308B0AB1-0697-48F8-94A2-8189CEA82EA5}.Debug|x64.Build.0 = Debug|x64
		{308B0AB1-0697-48F8-94A2-8189CEA82EA5}.Debug|x86.ActiveCfg = Debug|Win32
		{308B0AB1-0697-48F8-94A2-8189CEA82EA5}.Debug|x86.Build.0 = Debug|Win32
		{308B0AB1-0697-48F8-94A2-8189CEA82EA5}.Release|x64.ActiveCfg = Release|x64
		{308B0AB1-0697-48F8-94A2-8189CEA82EA5}.Release|x64.Build.0 = Release|x64
		{308B0AB1-0697-48F8-94A2-8189CEA82EA5}.Release|x86.ActiveCfg = Release|Win32
		{308B0AB1-0697-48F8-94A2-8189CEA82EA5}.Release|x86.Build.0 = Release|Win32
		{695BD782-B3E9-4751-8BE3-17C4ED901830}.Debug|x64.ActiveCfg = Debug|x64
		{695BD782-B3E9-4751-8BE3-17C4ED901830}.Debug|x64.Build.0 = Debug|x64
		{695BD782-B3E9-4751-8BE3-17C4ED901830}.Debug|x86.ActiveCfg = Debug|Win32
		{695BD782-B3E9-4751-8BE3-17C4ED901830}.Debug|x86.Build.0 = Debug|Win32
		{695BD782-B3E9-4751-8BE3-17C4ED901830}.Release|x64.ActiveCfg = Release|x64
		{695BD782-B3E9-4751-8BE3-17C4ED901830}.Release|x64.Build.0 = Release|x64
		{695BD782-B3E9-4751-8BE3-17C4ED901830}.Release|x86.ActiveCfg = Release|Win32
		{695BD782-B3E9-4751-8BE3-17C4ED901830}.Release|x86.Build.0 = Release|Win32
		{E2CFD3A6-085B-48DB-BF8A-23B0ADA544B0}.Debug|x64.ActiveCfg = Debug|x64
		{E2CFD3A6-085B-48DB-BF8A-23B0ADA544B0}.Debug|x64.Build.0 = Debug|x64
		{E2CFD3A6-085B-48DB-BF8A-23B0ADA544B0}.Debug|x86.ActiveCfg = Debug|Win32
		{E2CFD3A6-085B-48DB-BF8A-23B0ADA544B0}.Debug|x86.Build.0 = Debug|Win32
		{E2CFD3A6-085B-48DB-BF8A-23B0ADA544B0}.Release|x64.ActiveCfg = Release|x64
		{E2CFD3A6-085B-48DB-BF8A-23B0ADA544B0}.Release|x64.Build.0 = Release|x64
		{E2CFD3A6-085B-48DB-BF8A-23B0ADA544B0}.Release|x86.ActiveCfg = Release|Win32
		{E2CFD3A6-085B-48DB-BF8A-23B0ADA544B0}.Release|x86.Build.0 = Release|Win32
		{E1A37D7F-9997-4649-9313-CDE855BA937F}.Debug|x64.ActiveCfg = Debug|x64
		{E1A37D7F-9997-4649-9313-CDE855BA937F}.Debug|x64.Build.0 = Debug|x64
		{E1A37D7F-9997-4649-9313-CDE855BA937F}.Debug|x86.ActiveCfg = Debug|Win32
		{E1A37D7F-9997-4649-9313-CDE855BA937F}.Debug|x86.Build.0 = Debug|Win32
		{E1A37D7F-9997-4649-9313-CDE855BA937F}.Release|x64.ActiveCfg = Release|x64
		{E1A37D7F-9997-4649-9313-CDE855BA937F}.Release|x64.Build.0 = Release|x64
		{E1A37D7F-9997-4649-9313-CDE855BA937F}.Release|x86.ActiveCfg = Release|Win32
		{E1A37D7F-9997-4649-9313-CDE855BA937F}.Release|x86.Build.0 = Release|Win32
		{9E5EAB61-B7F2-41DC-BEBE-A987DF3F7F50}.Debug|x64.ActiveCfg = Debug|x64
		{9E5EAB61-B7F2-41DC-BEBE-A987DF3F7F50}.Debug|x64.Build.0 = Debug|x64
		{9E5EAB61-B7F2-41DC-BEBE-A987DF3F7F50}.Debug|x86.ActiveCfg = Debug|Win32
		{9E5EAB61-B7F2-41DC-BEBE-A987DF3F7F50}.Debug|x86.Build.0 = Debug|Win32
		{9E5EAB61-B7F2-41DC-BEBE-A987DF3F7F50}.Release|x64.ActiveCfg = Release|x64
		{9E5EAB61-B7F2-41DC-BEBE-A987DF3F7F50}.Release|x64.Build.0 = Release|x64
		{9E5EAB61-B7F2-41DC-BEBE-A987DF3F7F50}.Release|x86.ActiveCfg = Release|Win32
		{9E5EAB61-B7F2-41DC-BEBE-A987DF3F7F50}.Release|x86.Build.0 = Release|Win32
		{19570E23-A001-4A34-8728-F5132B5A59B7}.Debug|x64.ActiveCfg = Debug|x64
		{19570E23-A001-4A34-8728-F5132B5A59B7}.Debug|x64.Build.0 = Debug|x64
		{19570E23-A001-4A34-8728-F5132B5A59B7}.Debug|x86.ActiveCfg = Debug|Win32
		{19570E23-A001-4A34-8728-F5132B5A59B7}.Debug|x86.Build.0 = Debug|Win32
		{19570E23-A001-4A34-8728-F5132B5A59B7}.Release|x64.ActiveCfg = Release|x64
		{19570E23-A001-4A34-8728-F5132B5A59B7}.Release|x64.Build.0 = Release|x64
		{19570E23-A001-4A34-8728-F5132B5A59B7}.Release|x86.ActiveCfg = Release|Win32
		{19570E23-A001-4A34-8728-F5132B5A59B7}.Release|x86.Build.0 = Release|Win32
		{1FC7A8F4-9597-43D0-B6FE-0938D00222E5}.Debug|x64.ActiveCfg = Debug|x64
		{1FC7A8F4-9597-43D0-B6FE-0938D00222E5}.Debug|x64.Build.0 = Debug|x64
		{1FC7A8F4-9597-43D0-B6FE-0938D00222E5}.Debug|x86.ActiveCfg = Debug|Win32
		{1FC7A8F4-9597-43D0-B6FE-0938D00222E5}.Debug|x86.Build.0 = Debug|Win32
		{1FC7A8F4-9597-43D0-B6FE-0938D00222E5}.Release|x64.ActiveCfg = Release|x64
		{1FC7A8F4-9597-43D0-B6FE-0938D00222E5}.Release|x64.Build.0 = Release|x64
		{1FC7A8F4-9597-43D0-B6FE-0938D00222E5}.Release|x86.ActiveCfg = Release|Win32
		{1FC7A8F4-9597-43D0-B6FE-0938D00222E5}.Release|x86.Build.0 = Release|Win32
		{84FC3451-7DCE-49E1-9CBA-8C00C85B1988}.Debug|x64.ActiveCfg = Debug|x64
		{84FC3451-7DCE-49E1-9CBA-8C00C85B1988}.Debug|x64.Build.0 = Debug|x64
		{84FC3451-7DCE-49E1-9CBA-8C00C85B1988}.Debug|x86.ActiveCfg = Debug|Win32
		{84FC3451-7DCE-49E1-9CBA-8C00C85B1988}.Debug|x86.Build.0 = Debug|Win32
		{84FC3451-7DCE-49E1-9CBA-8C00C85B1988}.Release|x64.ActiveCfg = Release|x64
		{84FC3451-7DCE-49E1-9CBA-8C00C85B1988}.Release|x64.Build.0 = Release|x64
		{84FC3451-7DCE-49E1-9CBA-8C00C85B1988}.Release|x86.ActiveCfg = Release|Win32
		{84FC3451-7DCE-49E1-9CBA-8C00C85B1988}.Release|x86.Build.0 = Release|Win32
		{529F7464-7096-409E-A882-2CD90B7B29C8}.Debug|x64.ActiveCfg = Debug|x64
		{529F7464-7096-409E-A882-2CD90B7B29C8}.Debug|x64.Build.0 = Debug|x64
		{529F7464-7096-409E-A882-2CD90B7B29C8}.Debug|x86.ActiveCfg = Debug|Win32
		{529F7464-7096-409E-A882-2CD90B7B29C8}.Debug|x86.Build.0 = Debug|Win32
		{529F7464-7096-409E-A882-2CD90B7B29C8}.Release|x64.ActiveCfg = Release|x64
		{529F7464-7096-409E-A882-2CD90B7B29C8}.Release|x64.Build.0 = Release|x64
		{529F7464-7096-409E-A882-2CD90B7B29C8}.Release|x86.ActiveCfg = Release|Win32
		{529F7464-7096-409E-A882-2CD90B7B29C8}.Release|x86.Build.0 = Release|Win32
		{C4EB0E22-970E-4BBE-BB3A-D272653041C7}.Debug|x64.ActiveCfg = Debug|x64
		{C4EB0E22-970E-4BBE-BB3A-D272653041C7}.Debug|x64.Build.0 = Debug|x64
		{C4EB0E22-970E-4BBE-BB3A-D272653041C7}.Debug|x86.ActiveCfg = Debug|Win32
		{C4EB0E22-970E-4BBE-BB3A-D272653041C7}.Debug|x86.Build.0 = Debug|Win32
		{C4EB0E22-970E-4BBE-BB3A-D272653041C7}.Release|x64.ActiveCfg = Release|x64
		{C4EB0E22-970E-4BBE-BB3A-D272653041C7}.Release|x64.Build.0 = Release|x64
		{C4EB0E22-970E-4BBE-BB3A-D272653041C7}.Release|x86.ActiveCfg = Release|Win32
		{C4EB0E22-970E-4BBE-BB3A-D272653041C7}.Release|x86.Build.0 = Release|Win32
		{CF236B15-FEE2-42F3-ABF9-DDEB180AFEC4}.Debug|x64.ActiveCfg = Debug|x64
		{CF236B15-FEE2-42F3-ABF9-DDEB180AFEC4}.Debug|x64.Build.0 = Debug|x64
		{CF236B15-FEE2-42F3-ABF9-DDEB180AFEC4}.Debug|x86.ActiveCfg = Debug|Win32
		{CF236B15-FEE2-42F3-ABF9-DDEB180AFEC4}.Debug|x86.Build.0 = Debug|Win32
		{CF236B15-FEE2-42F3-ABF9-DDEB180AFEC4}.Release|x64.ActiveCfg = Release|x64
		{CF236B15-FEE2-42F3-ABF9-DDEB180AFEC4}.Release|x64.Build.0 = Release|x64
		{CF236B15-FEE2-42F3-ABF9-DDEB180AFEC4}.Release|x86.ActiveCfg = Release|Win32
		{CF236B15-FEE2-42F3-ABF9-DDEB180AFEC4}.Release|x86.Build.0 = Release|Win32
		{1E73A172-DE1D-4243-A8A9-59E2228DF466}.Debug|x64.ActiveCfg = Debug|x64
		{1E73A172-DE1D-4243-A8A9-59E2228DF466}.Debug|x64.Build.0 = Debug|x64
		{1E73A172-DE1D-4243-A8A9-59E2228DF466}.Debug|x86.ActiveCfg = Debug|Win32
		{1E73A172-DE1D-4243-A8A9-59E2228DF466}.Debug|x86.Build.0 = Debug|Win32
		{1E73A172-DE1D-4243-A8A9-59E2228DF466}.Release|x64.ActiveCfg = Release|x64
		{1E73A172-DE1D-4243-A8A9-59E2228DF466}.Release|x64.Build.0 = Release|x64
		{1E73A172-DE1D-4243-A8A9-59E2228DF466}.Release|x86.ActiveCfg = Release|Win32
		{1E73A172-DE1D-4243-A8A9-59E2228DF466}.Release|x86.Build.0 = Release|Win32
		{84846524-EA97-48BA-8D5A-929EE1821A77}.Debug|x64.ActiveCfg = Debug|x64
		{84846524-EA97-48BA-8D5A-929EE1821A77}.Debug|x64.Build.0 = Debug|x64
		{84846524-EA97-48BA-8D5A-929EE1821A77}.Debug|x86.ActiveCfg = Debug|Win32
		{84846524-EA97-48BA-8D5A-929EE1821A77}.Debug|x86.Build.0 = Debug|Win32
		{84846524-EA97-48BA-8D5A-929EE1821A77}.Release|x64.ActiveCfg = Release|x64
		{84846524-EA97-48BA-8D5A-929EE1821A77}.Release|x64.Build.0 = Release|x64
		{84846524-EA97-48BA-8D5A-929EE1821A77}.Release|x86.ActiveCfg = Release|Win32
		{84846524-EA97-48BA-8D5A-929EE1821A77}.Release|x86.Build.0 = Release|Win32
		{E8D52027-0C43-48F7-BF02-9D48A38097ED}.Debug|x64.ActiveCfg = Debug|x64
		{E8D52027-0C43-48F7-BF02-9D48A38097ED}.Debug|x64.Build.0 = Debug|x64
		{E8D52027-0C43-48F7-BF02-9D48A38097ED}.Debug|x86.ActiveCfg = Debug|Win32
		{E8D52027-0C43-48F7-BF02-9D48A38097ED}.Debug|x86.Build.0 = Debug|Win32
		{E8D52027-0C43-48F7-BF02-9D48A38097ED}.Release|x64.ActiveCfg = Release|x64
		{E8D52027-0C43-48F7-BF02-9D48A38097ED}.Release|x64.Build.0 = Release|x64
		{E8D52027-0C43-48F7-BF02-9D48A38097ED}.Release|x86.ActiveCfg = Release|Win32
		{E8D52027-0C43-48F7-BF02-9D48A38097ED}.Release|x86.Build.0 = Release|Win32
		{5640A28A-73D6-4A1F-AD78-BA74E84531C2}.Debug|x64.ActiveCfg = Debug|x64
		{5640A28A-73D6-4A1F-AD78-BA74E84531C2}.Debug|x64.Build.0 = Debug|x64
		{5640A28A-73D6-4A1F-AD78-BA74E84531C2}.Debug|x86.ActiveCfg = Debug|Win32
		{5640A28A-73D6-4A1F-AD78-BA74E84531C2}.Debug|x86.Build.0 = Debug|Win32
		{5640A28A-73D6-4A1F-AD78-BA74E84531C2}.Release|x64.ActiveCfg = Release|x64
		{5640A28A-73D6-4A1F-AD78-BA74E84531C2}.Release|x64.Build.0 = Release|x64
		{5640A28A-73D6-4A1F-AD78-BA74E84531C2}.Release|x86.ActiveCfg = Release|Win32
		{5640A28A-73D6-4A1F-AD78-BA74E84531C2}.Release|x86.Build.0 = Release|Win32
		{E3D0948C-CB69-40A3-B491-8941053C5DF7}.Debug|x64.ActiveCfg = Debug|x64
		{E3D0948C-CB69-40A3-B491-8941053C5DF7}.Debug|x64.Build.0 = Debug|x64
		{E3D0948C-CB69-40A3-B491-8941053C5DF7}.Debug|x86.ActiveCfg = Debug|Win32
		{E3D0948C-CB69-40A3-B491-8941053C5DF7}.Debug|x86.Build.0 = Debug|Win32
		{E3D0948C-CB69-40A3-B491-8941053C5DF7}.Release|x64.ActiveCfg = Release|x64
		{E3D0948C-CB69-40A3-B491-8941053C5DF7}.Release|x64.Build.0 = Release|x64
		{E3D0948C-CB69-40A3-B491-8941053C5DF7}.Release|x86.ActiveCfg = Release|Win32
		{E3D0948C-CB69-40A3-B491-8941053C5DF7}.Release|x86.Build.0 = Release|Win32
		{1DFD9528-9CB5-4DFF-85F0-3E4AFFC29894}.Debug|x64.ActiveCfg = Debug|x64
		{1DFD9528-9CB5-4DFF-85F0-3E4AFFC29894}.Debug|x64.Build.0 = Debug|x64
		{1DFD9528-9CB5-4DFF-85F0-3E4AFFC29894}.Debug|x86.ActiveCfg = Debug|Win32
		{1DFD9528-9CB5-4DFF-85F0-3E4AFFC29894}.Debug|x86.Build.0 = Debug|Win32
		{1DFD9528-9CB5-4DFF-85F0-3E4AFFC29894}.Release|x64.ActiveCfg = Release|x64
		{1DFD9528-9CB5-4DFF-85F0-3E4AFFC29894}.Release|x64.Build.0 = Release|x64
		{1DFD9528-9CB5-4DFF-85F0-3E4AFFC29894}.Release|x86.ActiveCfg = Release|Win32
		{1DFD9528-9CB5-4DFF-85F0-3E4AFFC29894}.Release|x86.Build.0 = Release|Win32
		{A86029AA-1703-4340-A20E-8233F2143EBD}.Debug|x64.ActiveCfg = Debug|x64
		{A86029AA-1703-4340-A20E-8233F2143EBD}.Debug|x64.Build.0 = Debug|x64
		{A86029AA-1703-4340-A20E-8233F2143EBD}.Debug|x86.ActiveCfg = Debug|Win32
		{A86029AA-1703-4340-A20E-8233F2143EBD}.Debug|x86.Build.0 = Debug|Win32
		{A86029AA-1703-4340-A20E-8233F2143EBD}.Release|x64.ActiveCfg = Release|x64
		{A86029AA-1703-4340-A20E-8233F2143EBD}.Release|x64.Build.0 = Release|x64
		{A86029AA-1703-4340-A20E-8233F2143EBD}.Release|x86.ActiveCfg = Release|Win32
		{A86029AA-1703-4340-A20E-8233F2143EBD}.Release|x86.Build.0 = Release|Win32
		{F447EC36-54A8-4C22-AF08-8E828E5DDDD5}.Debug|x64.ActiveCfg = Debug|x64
		{F447EC36-54A8-4C22-AF08-8E828E5DDDD5}.Debug|x64.Build.0 = Debug|x64
		{F447EC36-54A8-4C22-AF08-8E828E5DDDD5}.Debug|x86.ActiveCfg = Debug|Win32
		{F447EC36-54A8-4C22-AF08-8E828E5DDDD5}.Debug|x86.Build.0 = Debug|Win32
		{F447EC36-54A8-4C22-AF08-8E828E5DDDD5}.Release|x64.ActiveCfg = Release|x64
		{F447EC36-54A8-4C22-AF08-8E828E5DDDD5}.Release|x64.Build.0 = Release|x64
		{F447EC36-54A8-4C22-AF08-8E828E5DDDD5}.Release|x86.ActiveCfg = Release|Win32
		{F447EC36-54A8-4C22-AF08-8E828E5DDDD5}.Release|x86.Build.0 = Release|Win32
		{C386B556-536B-4F03-9FB4-3A67258100B8}.Debug|x64.ActiveCfg = Debug|x64
		{C386B556-536B-4F03-9FB4-3A67258100B8}.Debug|x64.Build.0 = Debug|x64
		{C386B556-536B-4F03-9FB4-3A67258100B8}.Debug|x86.ActiveCfg = Debug|Win32
		{C386B556-536B-4F03-9FB4-3A67258100B8}.Debug|x86.Build.0 = Debug|Win32
		{C386B556-536B-4F03-9FB4-3A67258100B8}.Release|x64.ActiveCfg = Release|x64
		{C386B556-536B-4F03-9FB4-3A67258100B8}.Release|x64.Build.0 = Release|x64
		{C386B556-536B-4F03-9FB4-3A67258100B8}.Release|x86.ActiveCfg = Release|Win32
		{C386B556-536B-4F03-9FB4-3A67258100B8}.Release|x86.Build.0 = Release|Win32
		{9641DB97-4A3D-426C-BB3D-87F09C7088F3}.Debug|x64.ActiveCfg = Debug|x64
		{9641DB97-4A3D-426C-BB3D-87F09C7088F3}.Debug|x64.Build.0 = Debug|x64
		{9641DB97-4A3D-426C-BB3D-87F09C7088F3}.Debug|x86.ActiveCfg = Debug|Win32
		{9641DB97-4A3D-426C-BB3D-87F09C7088F3}.Debug|x86.Build.0 = Debug|Win32
		{9641DB97-4A3D-426C-BB3D-87F09C7088F3}.Release|x64.ActiveCfg = Release|x64
		{9641DB97-4A3D-426C-BB3D-87F09C7088F3}.Release|x64.Build.0 = Release|x64
		{9641DB97-4A3D-426C-BB3D-87F09C7088F3}.Release|x86.ActiveCfg = Release|Win32
		{9641DB97-4A3D-426C-BB3D-87F09C7088F3}.Release|x86.Build.0 = Release|Win32
		{64DB0228-2849-49D7-B3C6-8B6D1EC63B59}.Debug|x64.ActiveCfg = Debug|x64
		{64DB0228-2849-49D7-B3C6-8B6D1EC63B59}.Debug|x64.Build.0 = Debug|x64
		{64DB0228-2849-49D7-B3C6-8B6D1EC63B59}.Debug|x86.ActiveCfg = Debug|Win32
		{64DB0228-2849-49D7-B3C6-8B6D1EC63B59}.Debug|x86.Build.0 = Debug|Win32
		{64DB0228-2849-49D7-B3C6-8B6D1EC63B59}.Release|x64.ActiveCfg = Release|x64
		{64DB0228-2849-49D7-B3C6-8B6D1EC63B59}.Release|x64.Build.0 = Release|x64
		{64DB0228-2849-49D7-B3C6-8B6D1EC63B59}.Release|x86.ActiveCfg = Release|Win32
		{64DB0228-2849-49D7-B3C6-8B6D1EC63B59}.Release|x86.Build.0 = Release|Win32
	EndGlobalSection
	GlobalSection(SolutionProperties) = preSolution
		HideSolutionNode = FALSE
	EndGlobalSection
	GlobalSection(ExtensibilityGlobals) = postSolution
		SolutionGuid = {CA0E5C74-50ED-4E19-8BE2-F71AC8CECB98}
	EndGlobalSection
EndGlobal
